Microsoft Visual Studio Solution File, Format Version 12.00
# Visual Studio Version 17
VisualStudioVersion = 17.5.2.0
MinimumVisualStudioVersion = 10.0.40219.1
Project("{FAE04EC0-301F-11D3-BF4B-00C04F79EFBC}") = "My-Portfolyo", "My-Portfolyo.csproj", "{BEA10689-D34A-C072-8AAC-3EEF8E75201D}"
EndProject
Global
	GlobalSection(SolutionConfigurationPlatforms) = preSolution
		Debug|Any CPU = Debug|Any CPU
		Release|Any CPU = Release|Any CPU
	EndGlobalSection
	GlobalSection(ProjectConfigurationPlatforms) = postSolution
		{BEA10689-D34A-C072-8AAC-3EEF8E75201D}.Debug|Any CPU.ActiveCfg = Debug|Any CPU
		{BEA10689-D34A-C072-8AAC-3EEF8E75201D}.Debug|Any CPU.Build.0 = Debug|Any CPU
		{BEA10689-D34A-C072-8AAC-3EEF8E75201D}.Release|Any CPU.ActiveCfg = Release|Any CPU
		{BEA10689-D34A-C072-8AAC-3EEF8E75201D}.Release|Any CPU.Build.0 = Release|Any CPU
	EndGlobalSection
	GlobalSection(SolutionProperties) = preSolution
		HideSolutionNode = FALSE
	EndGlobalSection
	GlobalSection(ExtensibilityGlobals) = postSolution
		SolutionGuid = {042A963C-5545-4C70-9323-7ED20AFC410D}
	EndGlobalSection
EndGlobal
